
Microsoft Visual Studio Solution File, Format Version 12.00
# Visual Studio 15
VisualStudioVersion = 15.0.28307.1169
MinimumVisualStudioVersion = 10.0.40219.1
Project("{FAE04EC0-301F-11D3-BF4B-00C04F79EFBC}") = "ProjectMetier", "ProjectMetier\ProjectMetier.csproj", "{7BAA55FB-8BD3-4724-A5BE-18F3F2CF2B20}"
EndProject
Project("{FAE04EC0-301F-11D3-BF4B-00C04F79EFBC}") = "ProjectAPI", "ProjectAPI\ProjectAPI.csproj", "{9544843A-0CA6-48C4-8549-ECEFE160C2AD}"
EndProject
Project("{FAE04EC0-301F-11D3-BF4B-00C04F79EFBC}") = "ProjectWEB", "ProjectWEB\ProjectWEB.csproj", "{E49816E6-BB13-4EFD-9FC5-3C0F195146BB}"
	ProjectSection(ProjectDependencies) = postProject
		{7BAA55FB-8BD3-4724-A5BE-18F3F2CF2B20} = {7BAA55FB-8BD3-4724-A5BE-18F3F2CF2B20}
	EndProjectSection
EndProject
Global
	GlobalSection(SolutionConfigurationPlatforms) = preSolution
		Debug|Any CPU = Debug|Any CPU
		Release|Any CPU = Release|Any CPU
	EndGlobalSection
	GlobalSection(ProjectConfigurationPlatforms) = postSolution
		{7BAA55FB-8BD3-4724-A5BE-18F3F2CF2B20}.Debug|Any CPU.ActiveCfg = Debug|Any CPU
		{7BAA55FB-8BD3-4724-A5BE-18F3F2CF2B20}.Debug|Any CPU.Build.0 = Debug|Any CPU
		{7BAA55FB-8BD3-4724-A5BE-18F3F2CF2B20}.Release|Any CPU.ActiveCfg = Release|Any CPU
		{7BAA55FB-8BD3-4724-A5BE-18F3F2CF2B20}.Release|Any CPU.Build.0 = Release|Any CPU
		{9544843A-0CA6-48C4-8549-ECEFE160C2AD}.Debug|Any CPU.ActiveCfg = Debug|Any CPU
		{9544843A-0CA6-48C4-8549-ECEFE160C2AD}.Debug|Any CPU.Build.0 = Debug|Any CPU
		{9544843A-0CA6-48C4-8549-ECEFE160C2AD}.Release|Any CPU.ActiveCfg = Release|Any CPU
		{9544843A-0CA6-48C4-8549-ECEFE160C2AD}.Release|Any CPU.Build.0 = Release|Any CPU
		{E49816E6-BB13-4EFD-9FC5-3C0F195146BB}.Debug|Any CPU.ActiveCfg = Debug|Any CPU
		{E49816E6-BB13-4EFD-9FC5-3C0F195146BB}.Debug|Any CPU.Build.0 = Debug|Any CPU
		{E49816E6-BB13-4EFD-9FC5-3C0F195146BB}.Release|Any CPU.ActiveCfg = Release|Any CPU
		{E49816E6-BB13-4EFD-9FC5-3C0F195146BB}.Release|Any CPU.Build.0 = Release|Any CPU
	EndGlobalSection
	GlobalSection(SolutionProperties) = preSolution
		HideSolutionNode = FALSE
	EndGlobalSection
	GlobalSection(ExtensibilityGlobals) = postSolution
		SolutionGuid = {A44E1D4B-C540-4E01-879C-61683866029E}
	EndGlobalSection
EndGlobal
